
Microsoft Visual Studio Solution File, Format Version 12.00
# Visual Studio Version 16
VisualStudioVersion = 16.0.31624.102
MinimumVisualStudioVersion = 10.0.40219.1
Project("{FAE04EC0-301F-11D3-BF4B-00C04F79EFBC}") = "D'Anjolell_8_2", "D'Anjolell_8_2\D'Anjolell_8_2.csproj", "{7C7A222D-67D8-419E-B0D3-BCA2F2333262}"
EndProject
Global
	GlobalSection(SolutionConfigurationPlatforms) = preSolution
		Debug|Any CPU = Debug|Any CPU
		Release|Any CPU = Release|Any CPU
	EndGlobalSection
	GlobalSection(ProjectConfigurationPlatforms) = postSolution
		{7C7A222D-67D8-419E-B0D3-BCA2F2333262}.Debug|Any CPU.ActiveCfg = Debug|Any CPU
		{7C7A222D-67D8-419E-B0D3-BCA2F2333262}.Debug|Any CPU.Build.0 = Debug|Any CPU
		{7C7A222D-67D8-419E-B0D3-BCA2F2333262}.Release|Any CPU.ActiveCfg = Release|Any CPU
		{7C7A222D-67D8-419E-B0D3-BCA2F2333262}.Release|Any CPU.Build.0 = Release|Any CPU
	EndGlobalSection
	GlobalSection(SolutionProperties) = preSolution
		HideSolutionNode = FALSE
	EndGlobalSection
	GlobalSection(ExtensibilityGlobals) = postSolution
		SolutionGuid = {54AC15E5-3B2E-4D51-981A-7DBA192250A0}
	EndGlobalSection
EndGlobal
